
Microsoft Visual Studio Solution File, Format Version 12.00
# Visual Studio Version 16
VisualStudioVersion = 16.0.30204.135
MinimumVisualStudioVersion = 10.0.40219.1
Project("{9A19103F-16F7-4668-BE54-9A1E7A4F7556}") = "MLConsole", "MLConsole\MLConsole.csproj", "{F1841153-5063-43F3-B233-284F5870CCF3}"
EndProject
Project("{9A19103F-16F7-4668-BE54-9A1E7A4F7556}") = "DetectionCore", "DetectionCore\DetectionCore.csproj", "{BC5C08C7-B6D3-4C7A-A9A8-0FBD53B7FB9C}"
EndProject
Project("{FAE04EC0-301F-11D3-BF4B-00C04F79EFBC}") = "BlazorDetection", "BlazorDetection\BlazorDetection.csproj", "{149CC22F-BD40-4C36-85BA-BD342475F7F0}"
EndProject
Global
	GlobalSection(SolutionConfigurationPlatforms) = preSolution
		Debug|Any CPU = Debug|Any CPU
		Release|Any CPU = Release|Any CPU
	EndGlobalSection
	GlobalSection(ProjectConfigurationPlatforms) = postSolution
		{F1841153-5063-43F3-B233-284F5870CCF3}.Debug|Any CPU.ActiveCfg = Debug|Any CPU
		{F1841153-5063-43F3-B233-284F5870CCF3}.Debug|Any CPU.Build.0 = Debug|Any CPU
		{F1841153-5063-43F3-B233-284F5870CCF3}.Release|Any CPU.ActiveCfg = Release|Any CPU
		{F1841153-5063-43F3-B233-284F5870CCF3}.Release|Any CPU.Build.0 = Release|Any CPU
		{BC5C08C7-B6D3-4C7A-A9A8-0FBD53B7FB9C}.Debug|Any CPU.ActiveCfg = Debug|Any CPU
		{BC5C08C7-B6D3-4C7A-A9A8-0FBD53B7FB9C}.Debug|Any CPU.Build.0 = Debug|Any CPU
		{BC5C08C7-B6D3-4C7A-A9A8-0FBD53B7FB9C}.Release|Any CPU.ActiveCfg = Release|Any CPU
		{BC5C08C7-B6D3-4C7A-A9A8-0FBD53B7FB9C}.Release|Any CPU.Build.0 = Release|Any CPU
		{149CC22F-BD40-4C36-85BA-BD342475F7F0}.Debug|Any CPU.ActiveCfg = Debug|Any CPU
		{149CC22F-BD40-4C36-85BA-BD342475F7F0}.Debug|Any CPU.Build.0 = Debug|Any CPU
		{149CC22F-BD40-4C36-85BA-BD342475F7F0}.Release|Any CPU.ActiveCfg = Release|Any CPU
		{149CC22F-BD40-4C36-85BA-BD342475F7F0}.Release|Any CPU.Build.0 = Release|Any CPU
	EndGlobalSection
	GlobalSection(SolutionProperties) = preSolution
		HideSolutionNode = FALSE
	EndGlobalSection
	GlobalSection(ExtensibilityGlobals) = postSolution
		SolutionGuid = {371C4B56-B429-4B05-9D61-8ED228AF3A4E}
	EndGlobalSection
EndGlobal
